# THIS IS AN AUTOGENERATED FILE. DO NOT EDIT THIS FILE DIRECTLY.
# yarn lockfile v1


ts-custom-error@^3.0.0:
  version "3.0.0"
  resolved "https://registry.yarnpkg.com/ts-custom-error/-/ts-custom-error-3.0.0.tgz#f8bf787806b840aff7fd229e59348a33e3878bea"
  integrity sha512-5Y3iiC9/e2EtGy+fxRPuNEYYexU+hw4ejxi6EXxwt3vV4DYTLwDBJrU1MTTRCh4JhswObsnmYJrfmejpznk09w==

tslib@^1.9.3:
  version "1.9.3"
  resolved "https://registry.yarnpkg.com/tslib/-/tslib-1.9.3.tgz#d7e4dd79245d85428c4d7e4822a79917954ca286"
  integrity sha512-4krF8scpejhaOgqzBEcGM7yDIEfi0/8+8zDRZhNZZ2kjmHJ4hv3zCbQWxoJGz1iw5U0Jl0nma13xzHXcncMavQ==

typescript@^3.4.3:
  version "3.4.3"
  resolved "https://registry.yarnpkg.com/typescript/-/typescript-3.4.3.tgz#0eb320e4ace9b10eadf5bc6103286b0f8b7c224f"
  integrity sha512-FFgHdPt4T/duxx6Ndf7hwgMZZjZpB+U0nMNGVCYPq0rEzWKjEDobm4J6yb3CS7naZ0yURFqdw9Gwc7UOh/P9oQ==
